
Microsoft Visual Studio Solution File, Format Version 10.00
# Visual Studio 2008
Project("{2150E333-8FDC-42A3-9474-1A3956D46DE8}") = "GuiX Libraries", "GuiX Libraries", "{B6A11904-B6BF-4239-830D-510CBA9FB9E0}"
EndProject
Project("{8BC9CEB8-8B4A-11D0-8D11-00A0C91BC942}") = "Win32Minimal", "Win32Minimal.vcproj", "{E0A0AD80-A60A-4020-BFF8-925657D683D4}"
	ProjectSection(ProjectDependencies) = postProject
		{39F7F761-762E-4167-80FB-78C106F29D1E} = {39F7F761-762E-4167-80FB-78C106F29D1E}
	EndProjectSection
EndProject
Project("{8BC9CEB8-8B4A-11D0-8D11-00A0C91BC942}") = "GuiX", "..\..\..\Build\VS2008\GuiX.vcproj", "{39F7F761-762E-4167-80FB-78C106F29D1E}"
EndProject
Global
	GlobalSection(SolutionConfigurationPlatforms) = preSolution
		Debug|Win32 = Debug|Win32
		Release|Win32 = Release|Win32
	EndGlobalSection
	GlobalSection(ProjectConfigurationPlatforms) = postSolution
		{E0A0AD80-A60A-4020-BFF8-925657D683D4}.Debug|Win32.ActiveCfg = Debug|Win32
		{E0A0AD80-A60A-4020-BFF8-925657D683D4}.Debug|Win32.Build.0 = Debug|Win32
		{E0A0AD80-A60A-4020-BFF8-925657D683D4}.Release|Win32.ActiveCfg = Release|Win32
		{E0A0AD80-A60A-4020-BFF8-925657D683D4}.Release|Win32.Build.0 = Release|Win32
		{39F7F761-762E-4167-80FB-78C106F29D1E}.Debug|Win32.ActiveCfg = Lib Debug|Win32
		{39F7F761-762E-4167-80FB-78C106F29D1E}.Debug|Win32.Build.0 = Lib Debug|Win32
		{39F7F761-762E-4167-80FB-78C106F29D1E}.Release|Win32.ActiveCfg = Lib Release|Win32
		{39F7F761-762E-4167-80FB-78C106F29D1E}.Release|Win32.Build.0 = Lib Release|Win32
	EndGlobalSection
	GlobalSection(SolutionProperties) = preSolution
		HideSolutionNode = FALSE
	EndGlobalSection
	GlobalSection(NestedProjects) = preSolution
		{39F7F761-762E-4167-80FB-78C106F29D1E} = {B6A11904-B6BF-4239-830D-510CBA9FB9E0}
	EndGlobalSection
EndGlobal
